
Microsoft Visual Studio Solution File, Format Version 12.00
# Visual Studio Version 16
VisualStudioVersion = 16.0.31025.194
MinimumVisualStudioVersion = 10.0.40219.1
Project("{8BC9CEB8-8B4A-11D0-8D11-00A0C91BC942}") = "algorithms_partial_sum", "algorithms_partial_sum.vcxproj", "{F804632E-4F67-4F07-899D-55F29FD17A7D}"
EndProject
Global
	GlobalSection(SolutionConfigurationPlatforms) = preSolution
		Debug|x64 = Debug|x64
		Debug|x86 = Debug|x86
		Release|x64 = Release|x64
		Release|x86 = Release|x86
	EndGlobalSection
	GlobalSection(ProjectConfigurationPlatforms) = postSolution
		{F804632E-4F67-4F07-899D-55F29FD17A7D}.Debug|x64.ActiveCfg = Debug|x64
		{F804632E-4F67-4F07-899D-55F29FD17A7D}.Debug|x64.Build.0 = Debug|x64
		{F804632E-4F67-4F07-899D-55F29FD17A7D}.Debug|x86.ActiveCfg = Debug|Win32
		{F804632E-4F67-4F07-899D-55F29FD17A7D}.Debug|x86.Build.0 = Debug|Win32
		{F804632E-4F67-4F07-899D-55F29FD17A7D}.Release|x64.ActiveCfg = Release|x64
		{F804632E-4F67-4F07-899D-55F29FD17A7D}.Release|x64.Build.0 = Release|x64
		{F804632E-4F67-4F07-899D-55F29FD17A7D}.Release|x86.ActiveCfg = Release|Win32
		{F804632E-4F67-4F07-899D-55F29FD17A7D}.Release|x86.Build.0 = Release|Win32
	EndGlobalSection
	GlobalSection(SolutionProperties) = preSolution
		HideSolutionNode = FALSE
	EndGlobalSection
	GlobalSection(ExtensibilityGlobals) = postSolution
		SolutionGuid = {1F77B38F-5717-4573-94E3-47F967FA0DB3}
	EndGlobalSection
EndGlobal
